
Microsoft Visual Studio Solution File, Format Version 12.00
# Visual Studio Version 16
VisualStudioVersion = 16.0.30002.166
MinimumVisualStudioVersion = 10.0.40219.1
Project("{FAE04EC0-301F-11D3-BF4B-00C04F79EFBC}") = "xamarin7.Android", "xamarin7.Android\xamarin7.Android.csproj", "{0B55DDBD-0BA9-41B1-B3E5-0A017C3313C6}"
EndProject
Project("{FAE04EC0-301F-11D3-BF4B-00C04F79EFBC}") = "xamarin7.Web", "xamarin7.Web\xamarin7.Web.csproj", "{D3E9BDA9-10CC-4372-9472-542BBAB1E459}"
EndProject
Project("{FAE04EC0-301F-11D3-BF4B-00C04F79EFBC}") = "xamarin7", "xamarin7\xamarin7.csproj", "{010832AA-FDB8-40E1-ADE4-B9777FC5CE7C}"
EndProject
Global
	GlobalSection(SolutionConfigurationPlatforms) = preSolution
		Debug|Any CPU = Debug|Any CPU
		Release|Any CPU = Release|Any CPU
	EndGlobalSection
	GlobalSection(ProjectConfigurationPlatforms) = postSolution
		{0B55DDBD-0BA9-41B1-B3E5-0A017C3313C6}.Debug|Any CPU.ActiveCfg = Debug|Any CPU
		{0B55DDBD-0BA9-41B1-B3E5-0A017C3313C6}.Debug|Any CPU.Build.0 = Debug|Any CPU
		{0B55DDBD-0BA9-41B1-B3E5-0A017C3313C6}.Debug|Any CPU.Deploy.0 = Debug|Any CPU
		{0B55DDBD-0BA9-41B1-B3E5-0A017C3313C6}.Release|Any CPU.ActiveCfg = Release|Any CPU
		{0B55DDBD-0BA9-41B1-B3E5-0A017C3313C6}.Release|Any CPU.Build.0 = Release|Any CPU
		{0B55DDBD-0BA9-41B1-B3E5-0A017C3313C6}.Release|Any CPU.Deploy.0 = Release|Any CPU
		{D3E9BDA9-10CC-4372-9472-542BBAB1E459}.Debug|Any CPU.ActiveCfg = Debug|Any CPU
		{D3E9BDA9-10CC-4372-9472-542BBAB1E459}.Debug|Any CPU.Build.0 = Debug|Any CPU
		{D3E9BDA9-10CC-4372-9472-542BBAB1E459}.Debug|Any CPU.Deploy.0 = Debug|Any CPU
		{D3E9BDA9-10CC-4372-9472-542BBAB1E459}.Release|Any CPU.ActiveCfg = Release|Any CPU
		{D3E9BDA9-10CC-4372-9472-542BBAB1E459}.Release|Any CPU.Build.0 = Release|Any CPU
		{D3E9BDA9-10CC-4372-9472-542BBAB1E459}.Release|Any CPU.Deploy.0 = Release|Any CPU
		{010832AA-FDB8-40E1-ADE4-B9777FC5CE7C}.Debug|Any CPU.ActiveCfg = Debug|Any CPU
		{010832AA-FDB8-40E1-ADE4-B9777FC5CE7C}.Debug|Any CPU.Build.0 = Debug|Any CPU
		{010832AA-FDB8-40E1-ADE4-B9777FC5CE7C}.Debug|Any CPU.Deploy.0 = Debug|Any CPU
		{010832AA-FDB8-40E1-ADE4-B9777FC5CE7C}.Release|Any CPU.ActiveCfg = Release|Any CPU
		{010832AA-FDB8-40E1-ADE4-B9777FC5CE7C}.Release|Any CPU.Build.0 = Release|Any CPU
		{010832AA-FDB8-40E1-ADE4-B9777FC5CE7C}.Release|Any CPU.Deploy.0 = Release|Any CPU
	EndGlobalSection
	GlobalSection(SolutionProperties) = preSolution
		HideSolutionNode = FALSE
	EndGlobalSection
	GlobalSection(ExtensibilityGlobals) = postSolution
		SolutionGuid = {60797BA0-09A8-412E-B1FD-84A1260E8C25}
	EndGlobalSection
EndGlobal
